
Microsoft Visual Studio Solution File, Format Version 12.00
# Visual Studio 15
VisualStudioVersion = 15.0.27130.2036
MinimumVisualStudioVersion = 10.0.40219.1
Project("{FAE04EC0-301F-11D3-BF4B-00C04F79EFBC}") = "spat", "spat\spat.csproj", "{48B969C9-B455-4981-9702-1230C4C9ACA9}"
EndProject
Global
	GlobalSection(SolutionConfigurationPlatforms) = preSolution
		Debug|Any CPU = Debug|Any CPU
		Release|Any CPU = Release|Any CPU
	EndGlobalSection
	GlobalSection(ProjectConfigurationPlatforms) = postSolution
		{48B969C9-B455-4981-9702-1230C4C9ACA9}.Debug|Any CPU.ActiveCfg = Debug|Any CPU
		{48B969C9-B455-4981-9702-1230C4C9ACA9}.Debug|Any CPU.Build.0 = Debug|Any CPU
		{48B969C9-B455-4981-9702-1230C4C9ACA9}.Release|Any CPU.ActiveCfg = Release|Any CPU
		{48B969C9-B455-4981-9702-1230C4C9ACA9}.Release|Any CPU.Build.0 = Release|Any CPU
	EndGlobalSection
	GlobalSection(SolutionProperties) = preSolution
		HideSolutionNode = FALSE
	EndGlobalSection
	GlobalSection(ExtensibilityGlobals) = postSolution
		SolutionGuid = {0D79BA5D-8FA5-4DB5-9BE6-72CC079CCC8C}
	EndGlobalSection
EndGlobal
